{
  "name": "relimie.github.io",
  "lockfileVersion": 3,
  "requires": true,
  "packages": {
    "": {
      "devDependencies": {
        "marked": "^18.0.0"
      }
    },
    "node_modules/marked": {
      "version": "18.0.0",
      "resolved": "https://registry.npmjs.org/marked/-/marked-18.0.0.tgz",
      "integrity": "sha512-2e7Qiv/HJSXj8rDEpgTvGKsP8yYtI9xXHKDnrftrmnrJPaFNM7VRb2YCzWaX4BP1iCJ/XPduzDJZMFoqTCcIMA==",
      "dev": true,
      "license": "MIT",
      "bin": {
        "marked": "bin/marked.js"
      },
      "engines": {
        "node": ">= 20"
      }
    }
  }
}
